{
  "lockfile_version": "1",
  "packages": {
    "bash@latest": {
      "last_modified": "2026-01-23T17:20:52Z",
      "resolved": "github:NixOS/nixpkgs/a1bab9e494f5f4939442a57a58d0449a109593fe#bash",
      "source": "devbox-search",
      "version": "5.3p9",
      "systems": {
        "aarch64-darwin": {
          "outputs": [
            {
              "name": "out",
              "path": "/nix/store/ngqf98amj0hv0jhzhz540p03wxjj0chj-bash-interactive-5.3p9",
              "default": true
            },
            {
              "name": "man",
              "path": "/nix/store/k23hpm86ymd7l92c7cg0a2wsjadr8mx6-bash-interactive-5.3p9-man",
              "default": true
            },
            {
              "name": "dev",
              "path": "/nix/store/vhhwpi6h16bxbrvx1sdg5ag973dln1r9-bash-interactive-5.3p9-dev"
            },
            {
              "name": "doc",
              "path": "/nix/store/dahmvcafcvsp553w8lhkqy2ppv7gd6m5-bash-interactive-5.3p9-doc"
            },
            {
              "name": "info",
              "path": "/nix/store/lqd7rdyads0i42dhxj8zwzj0d01hbgqf-bash-interactive-5.3p9-info"
            }
          ],
          "store_path": "/nix/store/ngqf98amj0hv0jhzhz540p03wxjj0chj-bash-interactive-5.3p9"
        },
        "aarch64-linux": {
          "outputs": [
            {
              "name": "out",
              "path": "/nix/store/62p6g8nz491c6z224wc6ci1m699y2jhn-bash-interactive-5.3p9",
              "default": true
            },
            {
              "name": "man",
              "path": "/nix/store/1ma79ibx4dn0hdbflsxyxccrxzjqqwr3-bash-interactive-5.3p9-man",
              "default": true
            },
            {
              "name": "debug",
              "path": "/nix/store/j1i5n2snbiim8s63x9d41yiqv1anmsvi-bash-interactive-5.3p9-debug"
            },
            {
              "name": "dev",
              "path": "/nix/store/n2i7ipwdbxiypxfballikvp8gx4jkivz-bash-interactive-5.3p9-dev"
            },
            {
              "name": "doc",
              "path": "/nix/store/3a9xbr58hfgbj42rmsd9x2fwnir2aasy-bash-interactive-5.3p9-doc"
            },
            {
              "name": "info",
              "path": "/nix/store/h87j74dh8b6lrj11720bda5qq1zfzac0-bash-interactive-5.3p9-info"
            }
          ],
          "store_path": "/nix/store/62p6g8nz491c6z224wc6ci1m699y2jhn-bash-interactive-5.3p9"
        },
        "x86_64-darwin": {
          "outputs": [
            {
              "name": "out",
              "path": "/nix/store/n129ikd89z3didy0p2xw8hqgfaphyv11-bash-interactive-5.3p9",
              "default": true
            },
            {
              "name": "man",
              "path": "/nix/store/2m52h1lgaahqz6fag0aqw1499fjzq473-bash-interactive-5.3p9-man",
              "default": true
            },
            {
              "name": "info",
              "path": "/nix/store/z9v40pvapyx3qd6liy9q4v6iwncwapl5-bash-interactive-5.3p9-info"
            },
            {
              "name": "dev",
              "path": "/nix/store/7px2mpd1qj0106g64qp411p2y5cwlzbz-bash-interactive-5.3p9-dev"
            },
            {
              "name": "doc",
              "path": "/nix/store/s9wwkzamvd36hwz94661rzg0s8bs86bc-bash-interactive-5.3p9-doc"
            }
          ],
          "store_path": "/nix/store/n129ikd89z3didy0p2xw8hqgfaphyv11-bash-interactive-5.3p9"
        },
        "x86_64-linux": {
          "outputs": [
            {
              "name": "out",
              "path": "/nix/store/x12lw455sq6qy2wcya85d7rb88ybc3df-bash-interactive-5.3p9",
              "default": true
            },
            {
              "name": "man",
              "path": "/nix/store/1yg24id0csjk4nq1a3apimwf8dqisr9d-bash-interactive-5.3p9-man",
              "default": true
            },
            {
              "name": "debug",
              "path": "/nix/store/sihl8njk3077kr0bh1fnagdxy83hbyfb-bash-interactive-5.3p9-debug"
            },
            {
              "name": "dev",
              "path": "/nix/store/a1phwny3n394ij9j7csxa51lvb7nf45d-bash-interactive-5.3p9-dev"
            },
            {
              "name": "doc",
              "path": "/nix/store/64qrsa2hiz1ayjv0m655cqwzx54hib9w-bash-interactive-5.3p9-doc"
            },
            {
              "name": "info",
              "path": "/nix/store/by59bhs57xx4i2nh01bsjm3gdprgrby1-bash-interactive-5.3p9-info"
            }
          ],
          "store_path": "/nix/store/x12lw455sq6qy2wcya85d7rb88ybc3df-bash-interactive-5.3p9"
        }
      }
    },
    "gcc": {
      "resolved": "github:NixOS/nixpkgs/4d113fe1f7bb454435a5cabae6cd283e64191bb7#gcc",
      "source": "nixpkg",
      "systems": {
        "aarch64-darwin": {
          "outputs": [
            {
              "path": "/nix/store/cjkf5fm587xv34pz9zfs3q2qpvij61fz-gcc-wrapper-15.2.0",
              "default": true
            },
            {
              "name": "man",
              "path": "/nix/store/n9c07ydj81mzvxl4fyv71sr0bh6hlqx7-gcc-wrapper-15.2.0-man",
              "default": true
            }
          ]
        }
      }
    },
    "github:NixOS/nixpkgs/nixpkgs-unstable": {
      "last_modified": "2026-02-02T23:09:17Z",
      "resolved": "github:NixOS/nixpkgs/47472570b1e607482890801aeaf29bfb749884f6?lastModified=1770073757"
    },
    "glibcLocales@latest": {
      "last_modified": "2026-01-23T17:20:52Z",
      "resolved": "github:NixOS/nixpkgs/a1bab9e494f5f4939442a57a58d0449a109593fe#glibcLocales",
      "source": "devbox-search",
      "version": "2.42-47",
      "systems": {
        "aarch64-linux": {
          "outputs": [
            {
              "name": "out",
              "path": "/nix/store/j6314ihrwj50rb1w357lfkz4v8syrq7p-glibc-locales-2.42-47",
              "default": true
            }
          ],
          "store_path": "/nix/store/j6314ihrwj50rb1w357lfkz4v8syrq7p-glibc-locales-2.42-47"
        },
        "x86_64-linux": {
          "outputs": [
            {
              "name": "out",
              "path": "/nix/store/9whrn8kh4r39pf52zlbn7vim0s74qi19-glibc-locales-2.42-47",
              "default": true
            }
          ],
          "store_path": "/nix/store/9whrn8kh4r39pf52zlbn7vim0s74qi19-glibc-locales-2.42-47"
        }
      }
    },
    "gnumake": {
      "resolved": "github:NixOS/nixpkgs/4d113fe1f7bb454435a5cabae6cd283e64191bb7#gnumake",
      "source": "nixpkg",
      "systems": {
        "aarch64-darwin": {
          "outputs": [
            {
              "name": "man",
              "path": "/nix/store/b5lxm0lk6x1bix95n07cz810qfli84c5-gnumake-4.4.1-man",
              "default": true
            },
            {
              "path": "/nix/store/p15ia8pn2wxzdqaf07nrwdspfwsyrzyn-gnumake-4.4.1",
              "default": true
            }
          ]
        }
      }
    },
    "libpq": {
      "resolved": "github:NixOS/nixpkgs/4d113fe1f7bb454435a5cabae6cd283e64191bb7#libpq",
      "source": "nixpkg",
      "systems": {
        "aarch64-darwin": {
          "outputs": [
            {
              "path": "/nix/store/d84r5bxacnzfya5iyps2hxm7abz3n7mx-libpq-18.1",
              "default": true
            }
          ]
        }
      }
    },
    "libxml2": {
      "resolved": "github:NixOS/nixpkgs/4d113fe1f7bb454435a5cabae6cd283e64191bb7#libxml2",
      "source": "nixpkg",
      "systems": {
        "aarch64-darwin": {
          "outputs": [
            {
              "name": "bin",
              "path": "/nix/store/4qfb3xm18gfgwxwz640n3665q48qrl51-libxml2-2.15.1-bin",
              "default": true
            }
          ]
        }
      }
    },
    "libxslt": {
      "resolved": "github:NixOS/nixpkgs/4d113fe1f7bb454435a5cabae6cd283e64191bb7#libxslt",
      "source": "nixpkg",
      "systems": {
        "aarch64-darwin": {
          "outputs": [
            {
              "name": "bin",
              "path": "/nix/store/qracl6zwydi3ird77c05b6z4yrm38pzd-libxslt-1.1.45-bin",
              "default": true
            }
          ]
        }
      }
    },
    "libyaml": {
      "resolved": "github:NixOS/nixpkgs/4d113fe1f7bb454435a5cabae6cd283e64191bb7#libyaml",
      "source": "nixpkg",
      "systems": {
        "aarch64-darwin": {
          "outputs": [
            {
              "path": "/nix/store/p5g9y0fwkdf9xjzfszgcm20rrwryxiq9-libyaml-0.2.5",
              "default": true
            }
          ]
        }
      }
    },
    "nodejs_22": {
      "plugin_version": "0.0.2",
      "resolved": "github:NixOS/nixpkgs/bde09022887110deb780067364a0818e89258968#nodejs_22",
      "source": "nixpkg",
      "systems": {
        "aarch64-darwin": {
          "outputs": [
            {
              "path": "/nix/store/7rgrqwip7bkn9d0y6x9iif8mgbikl5cv-nodejs-22.22.0",
              "default": true
            }
          ]
        }
      }
    },
    "openjdk17": {
      "resolved": "github:NixOS/nixpkgs/f08e6b11a5ed43637a8ac444dd44118bc7d273b9#openjdk17",
      "source": "nixpkg",
      "systems": {
        "aarch64-darwin": {
          "outputs": [
            {
              "path": "/nix/store/dccfc40cyivwlmd4qbl6lbfq4fzjfp95-zulu-ca-jdk-17.0.12",
              "default": true
            }
          ]
        }
      }
    },
    "openssl": {
      "resolved": "github:NixOS/nixpkgs/4d113fe1f7bb454435a5cabae6cd283e64191bb7#openssl",
      "source": "nixpkg",
      "systems": {
        "aarch64-darwin": {
          "outputs": [
            {
              "name": "man",
              "path": "/nix/store/f573s0zcxd5i83wxgdvsda43n159wazr-openssl-3.6.0-man",
              "default": true
            },
            {
              "name": "bin",
              "path": "/nix/store/qjl9insn7qgdz4i8ijvc6j7w2pivny8f-openssl-3.6.0-bin",
              "default": true
            }
          ]
        }
      }
    },
    "pkg-config": {
      "resolved": "github:NixOS/nixpkgs/4d113fe1f7bb454435a5cabae6cd283e64191bb7#pkg-config",
      "source": "nixpkg",
      "systems": {
        "aarch64-darwin": {
          "outputs": [
            {
              "path": "/nix/store/54qzx9v4jrrhrz7dm93sdb2bqzvbgijg-pkg-config-wrapper-0.29.2",
              "default": true
            },
            {
              "name": "man",
              "path": "/nix/store/6il1kjgyvl6vc8sxv4gl99maz2ahbrgv-pkg-config-wrapper-0.29.2-man",
              "default": true
            }
          ]
        }
      }
    },
    "postgresql@16": {
      "last_modified": "2024-12-22T08:27:48Z",
      "plugin_version": "0.0.2",
      "resolved": "github:NixOS/nixpkgs/93ff48c9be84a76319dac293733df09bbbe3f25c#postgresql",
      "source": "devbox-search",
      "version": "16.5",
      "systems": {
        "aarch64-darwin": {
          "outputs": [
            {
              "name": "out",
              "path": "/nix/store/6l498xrh9z690js5zmd3p2ps0r00ri9p-postgresql-16.5",
              "default": true
            },
            {
              "name": "man",
              "path": "/nix/store/5yiw867cz810zi0z2yg5y794w2sy8kzq-postgresql-16.5-man",
              "default": true
            },
            {
              "name": "lib",
              "path": "/nix/store/c3a1ij8vyxv5fyg7qp6la2mn54jn84sn-postgresql-16.5-lib"
            },
            {
              "name": "dev",
              "path": "/nix/store/9mc2nq9m18x0l7c1gyasp064cf2894vx-postgresql-16.5-dev"
            },
            {
              "name": "doc",
              "path": "/nix/store/lxqw2xsh0vm11rcz5wayhskb8w9wjlih-postgresql-16.5-doc"
            }
          ],
          "store_path": "/nix/store/6l498xrh9z690js5zmd3p2ps0r00ri9p-postgresql-16.5"
        },
        "aarch64-linux": {
          "outputs": [
            {
              "name": "out",
              "path": "/nix/store/vjcavy1l0s1l0frjag900239cpmvj17f-postgresql-16.5",
              "default": true
            },
            {
              "name": "man",
              "path": "/nix/store/4l4a2044a6mb79sm46679ifappmj8vgc-postgresql-16.5-man",
              "default": true
            },
            {
              "name": "doc",
              "path": "/nix/store/1sa3z90r6hrcfsd4hy4rxbwzbw6aa4p6-postgresql-16.5-doc"
            },
            {
              "name": "lib",
              "path": "/nix/store/gr06jpjpxzqkpyyhg1f7v9mmy1f9qzgp-postgresql-16.5-lib"
            },
            {
              "name": "debug",
              "path": "/nix/store/zlw8cxkzf9a43mmplsp88dbjy8adbjkx-postgresql-16.5-debug"
            },
            {
              "name": "dev",
              "path": "/nix/store/8mbabq6zp86a1gm2nf109pa1dvgp8s02-postgresql-16.5-dev"
            }
          ],
          "store_path": "/nix/store/vjcavy1l0s1l0frjag900239cpmvj17f-postgresql-16.5"
        },
        "x86_64-darwin": {
          "outputs": [
            {
              "name": "out",
              "path": "/nix/store/808d9axcd5q934lsi3l5v3x8phks9wc4-postgresql-16.5",
              "default": true
            },
            {
              "name": "man",
              "path": "/nix/store/8njx7dcc3gj9j46cn5lfc8knd52hvl7k-postgresql-16.5-man",
              "default": true
            },
            {
              "name": "dev",
              "path": "/nix/store/pn22i14qpv3yxmaacd5yfcqxpqm3grlq-postgresql-16.5-dev"
            },
            {
              "name": "doc",
              "path": "/nix/store/kd05cfbhaiiihdx6kkrjdyrywgjzfnqj-postgresql-16.5-doc"
            },
            {
              "name": "lib",
              "path": "/nix/store/1gnp8q95nfjna56sllv66jbf6hshi6bd-postgresql-16.5-lib"
            }
          ],
          "store_path": "/nix/store/808d9axcd5q934lsi3l5v3x8phks9wc4-postgresql-16.5"
        },
        "x86_64-linux": {
          "outputs": [
            {
              "name": "out",
              "path": "/nix/store/0z5iwcvalafm3j2c5pfhllsfbxrbyzf4-postgresql-16.5",
              "default": true
            },
            {
              "name": "man",
              "path": "/nix/store/0q9yki1d9czy7i7mly8gy3ffjvc3hkqv-postgresql-16.5-man",
              "default": true
            },
            {
              "name": "debug",
              "path": "/nix/store/zvysixjns32iz6qlkr8s5b70cw50l0qy-postgresql-16.5-debug"
            },
            {
              "name": "dev",
              "path": "/nix/store/207n898zbi7mb5scjaf532v78c3rll9f-postgresql-16.5-dev"
            },
            {
              "name": "doc",
              "path": "/nix/store/7ip3havx020h3527y7cqdl8l39p3g67b-postgresql-16.5-doc"
            },
            {
              "name": "lib",
              "path": "/nix/store/qi2zbhdnzdci7i0a6g64mbkk8wnzznlh-postgresql-16.5-lib"
            }
          ],
          "store_path": "/nix/store/0z5iwcvalafm3j2c5pfhllsfbxrbyzf4-postgresql-16.5"
        }
      }
    },
    "readline": {
      "resolved": "github:NixOS/nixpkgs/4d113fe1f7bb454435a5cabae6cd283e64191bb7#readline",
      "source": "nixpkg",
      "systems": {
        "aarch64-darwin": {
          "outputs": [
            {
              "path": "/nix/store/j8y9ijyvz3qly9vg6nvhdjzhgxw8gpnf-readline-8.3p1",
              "default": true
            },
            {
              "name": "man",
              "path": "/nix/store/qrxv445pajsgixc1gzvhfvd37bvwhj39-readline-8.3p1-man",
              "default": true
            }
          ]
        }
      }
    },
    "ruby@3.2.3": {
      "last_modified": "2024-04-19T21:36:04Z",
      "plugin_version": "0.0.2",
      "resolved": "github:NixOS/nixpkgs/92d295f588631b0db2da509f381b4fb1e74173c5#ruby_3_2",
      "source": "devbox-search",
      "version": "3.2.3",
      "systems": {
        "aarch64-darwin": {
          "outputs": [
            {
              "name": "out",
              "path": "/nix/store/mhgzwxqgwr3vqj5f3wqigj5nzx8lkbzm-ruby-3.2.3",
              "default": true
            },
            {
              "name": "devdoc",
              "path": "/nix/store/mzyz9vcs336rhpwjqgs93qg117dwxyl2-ruby-3.2.3-devdoc"
            }
          ],
          "store_path": "/nix/store/mhgzwxqgwr3vqj5f3wqigj5nzx8lkbzm-ruby-3.2.3"
        },
        "aarch64-linux": {
          "outputs": [
            {
              "name": "out",
              "path": "/nix/store/j2fpa6far3ndl7di7dwb7jsi8869d98x-ruby-3.2.3",
              "default": true
            },
            {
              "name": "devdoc",
              "path": "/nix/store/qwya3dr9fpl4b0dk3rvi8hdpgy2q8n2c-ruby-3.2.3-devdoc"
            }
          ],
          "store_path": "/nix/store/j2fpa6far3ndl7di7dwb7jsi8869d98x-ruby-3.2.3"
        },
        "x86_64-darwin": {
          "outputs": [
            {
              "name": "out",
              "path": "/nix/store/30p37fqnyy28ff5cd12y1s181856lhgp-ruby-3.2.3",
              "default": true
            },
            {
              "name": "devdoc",
              "path": "/nix/store/i4j8bcm0cfnxhf1xzn6z4dm6cxq7v87d-ruby-3.2.3-devdoc"
            }
          ],
          "store_path": "/nix/store/30p37fqnyy28ff5cd12y1s181856lhgp-ruby-3.2.3"
        },
        "x86_64-linux": {
          "outputs": [
            {
              "name": "out",
              "path": "/nix/store/8kkqpa4lk5lr5s2fib2k5bg253na1ksq-ruby-3.2.3",
              "default": true
            },
            {
              "name": "devdoc",
              "path": "/nix/store/jq20rri5ip2q5x4jj5asn8hiai5rfk1n-ruby-3.2.3-devdoc"
            }
          ],
          "store_path": "/nix/store/8kkqpa4lk5lr5s2fib2k5bg253na1ksq-ruby-3.2.3"
        }
      }
    },
    "solr@latest": {
      "last_modified": "2022-05-20T14:53:38Z",
      "resolved": "github:NixOS/nixpkgs/f2db28ca7cca3f0e8ff74b65c5326f0dc0483288#solr",
      "source": "devbox-search",
      "version": "8.6.3",
      "systems": {
        "aarch64-darwin": {
          "outputs": [
            {
              "name": "out",
              "path": "/nix/store/4l754waf5l7hm7qll73mks3ij8g16j7g-solr-8.6.3",
              "default": true
            }
          ],
          "store_path": "/nix/store/4l754waf5l7hm7qll73mks3ij8g16j7g-solr-8.6.3"
        },
        "aarch64-linux": {
          "outputs": [
            {
              "name": "out",
              "path": "/nix/store/qm6cf2nklnr0d64xylhqwwp4is8db9w7-solr-8.6.3",
              "default": true
            }
          ],
          "store_path": "/nix/store/qm6cf2nklnr0d64xylhqwwp4is8db9w7-solr-8.6.3"
        },
        "x86_64-darwin": {
          "outputs": [
            {
              "name": "out",
              "path": "/nix/store/vj462bh7yfp1b8c1ac6yd1ydzqmar79m-solr-8.6.3",
              "default": true
            }
          ],
          "store_path": "/nix/store/vj462bh7yfp1b8c1ac6yd1ydzqmar79m-solr-8.6.3"
        }
      }
    },
    "zlib": {
      "resolved": "github:NixOS/nixpkgs/4d113fe1f7bb454435a5cabae6cd283e64191bb7#zlib",
      "source": "nixpkg",
      "systems": {
        "aarch64-darwin": {
          "outputs": [
            {
              "path": "/nix/store/2m8z1qbn9ixxr1cmw9k9bzbcry5y2rwm-zlib-1.3.1",
              "default": true
            }
          ]
        }
      }
    }
  }
}
